
Microsoft Visual Studio Solution File, Format Version 12.00
# Visual Studio 15
VisualStudioVersion = 15.0.27130.2003
MinimumVisualStudioVersion = 10.0.40219.1
Project("{9A19103F-16F7-4668-BE54-9A1E7A4F7556}") = "Core", "TimelineCore\Core.csproj", "{A625F200-2B05-4322-917C-9EEA1356DEEE}"
EndProject
Project("{9A19103F-16F7-4668-BE54-9A1E7A4F7556}") = "Provider.InMemory", "Provider.InMemory\Provider.InMemory.csproj", "{E7736354-D31E-48CF-A771-727A46DCB473}"
EndProject
Project("{9A19103F-16F7-4668-BE54-9A1E7A4F7556}") = "Provider.InMemory.Tests", "Provider.InMemory.Tests\Provider.InMemory.Tests.csproj", "{C85B465D-999B-4BF6-9A72-FB844B5EB20A}"
EndProject
Project("{9A19103F-16F7-4668-BE54-9A1E7A4F7556}") = "DataBrowser", "Example.CryptoCurrency\DataBrowser.csproj", "{EACEEDCF-F0B1-404B-8D98-7296A84BAAA7}"
EndProject
Global
	GlobalSection(SolutionConfigurationPlatforms) = preSolution
		Debug|Any CPU = Debug|Any CPU
		Release|Any CPU = Release|Any CPU
	EndGlobalSection
	GlobalSection(ProjectConfigurationPlatforms) = postSolution
		{A625F200-2B05-4322-917C-9EEA1356DEEE}.Debug|Any CPU.ActiveCfg = Debug|Any CPU
		{A625F200-2B05-4322-917C-9EEA1356DEEE}.Debug|Any CPU.Build.0 = Debug|Any CPU
		{A625F200-2B05-4322-917C-9EEA1356DEEE}.Release|Any CPU.ActiveCfg = Release|Any CPU
		{A625F200-2B05-4322-917C-9EEA1356DEEE}.Release|Any CPU.Build.0 = Release|Any CPU
		{E7736354-D31E-48CF-A771-727A46DCB473}.Debug|Any CPU.ActiveCfg = Debug|Any CPU
		{E7736354-D31E-48CF-A771-727A46DCB473}.Debug|Any CPU.Build.0 = Debug|Any CPU
		{E7736354-D31E-48CF-A771-727A46DCB473}.Release|Any CPU.ActiveCfg = Release|Any CPU
		{E7736354-D31E-48CF-A771-727A46DCB473}.Release|Any CPU.Build.0 = Release|Any CPU
		{C85B465D-999B-4BF6-9A72-FB844B5EB20A}.Debug|Any CPU.ActiveCfg = Debug|Any CPU
		{C85B465D-999B-4BF6-9A72-FB844B5EB20A}.Debug|Any CPU.Build.0 = Debug|Any CPU
		{C85B465D-999B-4BF6-9A72-FB844B5EB20A}.Release|Any CPU.ActiveCfg = Release|Any CPU
		{C85B465D-999B-4BF6-9A72-FB844B5EB20A}.Release|Any CPU.Build.0 = Release|Any CPU
		{EACEEDCF-F0B1-404B-8D98-7296A84BAAA7}.Debug|Any CPU.ActiveCfg = Debug|Any CPU
		{EACEEDCF-F0B1-404B-8D98-7296A84BAAA7}.Debug|Any CPU.Build.0 = Debug|Any CPU
		{EACEEDCF-F0B1-404B-8D98-7296A84BAAA7}.Release|Any CPU.ActiveCfg = Release|Any CPU
		{EACEEDCF-F0B1-404B-8D98-7296A84BAAA7}.Release|Any CPU.Build.0 = Release|Any CPU
	EndGlobalSection
	GlobalSection(SolutionProperties) = preSolution
		HideSolutionNode = FALSE
	EndGlobalSection
	GlobalSection(ExtensibilityGlobals) = postSolution
		SolutionGuid = {3B86E027-25DE-4B35-B5D7-25C876AD9753}
	EndGlobalSection
EndGlobal
