
Microsoft Visual Studio Solution File, Format Version 12.00
# Visual Studio 15
VisualStudioVersion = 15.0.27130.2003
MinimumVisualStudioVersion = 10.0.40219.1
Project("{9A19103F-16F7-4668-BE54-9A1E7A4F7556}") = "Core", "TimelineCore\Core.csproj", "{A625F200-2B05-4322-917C-9EEA1356DEEE}"
EndProject
Project("{9A19103F-16F7-4668-BE54-9A1E7A4F7556}") = "Provider.EntityFramework", "Provider.EntityFramework\Provider.EntityFramework.csproj", "{8F105D44-BFE1-4A31-8680-DC5CCA928C08}"
EndProject
Project("{9A19103F-16F7-4668-BE54-9A1E7A4F7556}") = "Provider.EntityFramework.Tests", "Provider.EntityFramework.Tests\Provider.EntityFramework.Tests.csproj", "{469BA78E-12AB-4AB1-BE55-38C7495B24E7}"
EndProject
Project("{2150E333-8FDC-42A3-9474-1A3956D46DE8}") = "Tests", "Tests", "{5F6C9F2B-75BE-414F-99D9-025F1BFADA6E}"
EndProject
Project("{2150E333-8FDC-42A3-9474-1A3956D46DE8}") = "Examples", "Examples", "{FFB13DDA-2228-4F79-9578-1C1311C23A13}"
EndProject
Project("{9A19103F-16F7-4668-BE54-9A1E7A4F7556}") = "ExampleService", "ExampleService\ExampleService.csproj", "{0355FBA4-DBC8-4E76-88D4-306B2DD6D9C7}"
EndProject
Global
	GlobalSection(SolutionConfigurationPlatforms) = preSolution
		Debug|Any CPU = Debug|Any CPU
		Release|Any CPU = Release|Any CPU
	EndGlobalSection
	GlobalSection(ProjectConfigurationPlatforms) = postSolution
		{A625F200-2B05-4322-917C-9EEA1356DEEE}.Debug|Any CPU.ActiveCfg = Debug|Any CPU
		{A625F200-2B05-4322-917C-9EEA1356DEEE}.Debug|Any CPU.Build.0 = Debug|Any CPU
		{A625F200-2B05-4322-917C-9EEA1356DEEE}.Release|Any CPU.ActiveCfg = Release|Any CPU
		{A625F200-2B05-4322-917C-9EEA1356DEEE}.Release|Any CPU.Build.0 = Release|Any CPU
		{8F105D44-BFE1-4A31-8680-DC5CCA928C08}.Debug|Any CPU.ActiveCfg = Debug|Any CPU
		{8F105D44-BFE1-4A31-8680-DC5CCA928C08}.Debug|Any CPU.Build.0 = Debug|Any CPU
		{8F105D44-BFE1-4A31-8680-DC5CCA928C08}.Release|Any CPU.ActiveCfg = Release|Any CPU
		{8F105D44-BFE1-4A31-8680-DC5CCA928C08}.Release|Any CPU.Build.0 = Release|Any CPU
		{469BA78E-12AB-4AB1-BE55-38C7495B24E7}.Debug|Any CPU.ActiveCfg = Debug|Any CPU
		{469BA78E-12AB-4AB1-BE55-38C7495B24E7}.Debug|Any CPU.Build.0 = Debug|Any CPU
		{469BA78E-12AB-4AB1-BE55-38C7495B24E7}.Release|Any CPU.ActiveCfg = Release|Any CPU
		{469BA78E-12AB-4AB1-BE55-38C7495B24E7}.Release|Any CPU.Build.0 = Release|Any CPU
		{0355FBA4-DBC8-4E76-88D4-306B2DD6D9C7}.Debug|Any CPU.ActiveCfg = Debug|Any CPU
		{0355FBA4-DBC8-4E76-88D4-306B2DD6D9C7}.Debug|Any CPU.Build.0 = Debug|Any CPU
		{0355FBA4-DBC8-4E76-88D4-306B2DD6D9C7}.Release|Any CPU.ActiveCfg = Release|Any CPU
		{0355FBA4-DBC8-4E76-88D4-306B2DD6D9C7}.Release|Any CPU.Build.0 = Release|Any CPU
	EndGlobalSection
	GlobalSection(SolutionProperties) = preSolution
		HideSolutionNode = FALSE
	EndGlobalSection
	GlobalSection(NestedProjects) = preSolution
		{469BA78E-12AB-4AB1-BE55-38C7495B24E7} = {5F6C9F2B-75BE-414F-99D9-025F1BFADA6E}
		{0355FBA4-DBC8-4E76-88D4-306B2DD6D9C7} = {FFB13DDA-2228-4F79-9578-1C1311C23A13}
	EndGlobalSection
	GlobalSection(ExtensibilityGlobals) = postSolution
		SolutionGuid = {3B86E027-25DE-4B35-B5D7-25C876AD9753}
	EndGlobalSection
EndGlobal
